// !$*UTF8*$!
{
	archiveVersion = 1;
	classes = {
	};
	objectVersion = 56;
	objects = {

/* Begin PBXBuildFile section */
		0404CC612C12B32B00F9CF55 /* AppDelegate.swift in Sources */ = {isa = PBXBuildFile; fileRef = 0404CC602C12B32B00F9CF55 /* AppDelegate.swift */; };
		0404CC632C12B32B00F9CF55 /* SceneDelegate.swift in Sources */ = {isa = PBXBuildFile; fileRef = 0404CC622C12B32B00F9CF55 /* SceneDelegate.swift */; };
		0404CC6A2C12B32C00F9CF55 /* Assets.xcassets in Resources */ = {isa = PBXBuildFile; fileRef = 0404CC692C12B32C00F9CF55 /* Assets.xcassets */; };
		0404CC6D2C12B32C00F9CF55 /* Base in Resources */ = {isa = PBXBuildFile; fileRef = 0404CC6C2C12B32C00F9CF55 /* Base */; };
		0404CC772C12B52400F9CF55 /* MainViewController.swift in Sources */ = {isa = PBXBuildFile; fileRef = 0404CC762C12B52400F9CF55 /* MainViewController.swift */; };
		0404CC792C12B53100F9CF55 /* SettingViewController.swift in Sources */ = {isa = PBXBuildFile; fileRef = 0404CC782C12B53100F9CF55 /* SettingViewController.swift */; };
		0404CC7B2C12B54200F9CF55 /* ChangeNicknameViewController.swift in Sources */ = {isa = PBXBuildFile; fileRef = 0404CC7A2C12B54200F9CF55 /* ChangeNicknameViewController.swift */; };
		0404CC7E2C12B57700F9CF55 /* .gitignore in Resources */ = {isa = PBXBuildFile; fileRef = 0404CC7D2C12B57700F9CF55 /* .gitignore */; };
		0404CC812C12B6A200F9CF55 /* SnapKit in Frameworks */ = {isa = PBXBuildFile; productRef = 0404CC802C12B6A200F9CF55 /* SnapKit */; };
		0404CC842C12B6B000F9CF55 /* Toast in Frameworks */ = {isa = PBXBuildFile; productRef = 0404CC832C12B6B000F9CF55 /* Toast */; };
		0404CC8D2C12B77C00F9CF55 /* Enum.swift in Sources */ = {isa = PBXBuildFile; fileRef = 0404CC8C2C12B77C00F9CF55 /* Enum.swift */; };
		0404CC8F2C12BC0200F9CF55 /* IdentifierProtocol.swift in Sources */ = {isa = PBXBuildFile; fileRef = 0404CC8E2C12BC0200F9CF55 /* IdentifierProtocol.swift */; };
		0404CC952C12E3DB00F9CF55 /* SelectTGViewController.swift in Sources */ = {isa = PBXBuildFile; fileRef = 0404CC942C12E3DB00F9CF55 /* SelectTGViewController.swift */; };
		0445CC1D2C12E4FF00CF0BED /* SelectTGCollectionViewCell.swift in Sources */ = {isa = PBXBuildFile; fileRef = 0445CC1C2C12E4FF00CF0BED /* SelectTGCollectionViewCell.swift */; };
		0445CC1F2C12E80F00CF0BED /* Tamagotchi.swift in Sources */ = {isa = PBXBuildFile; fileRef = 0445CC1E2C12E80F00CF0BED /* Tamagotchi.swift */; };
		0445CC212C12F7AD00CF0BED /* SelectTGDetailViewController.swift in Sources */ = {isa = PBXBuildFile; fileRef = 0445CC202C12F7AD00CF0BED /* SelectTGDetailViewController.swift */; };
		0445CC232C145CA600CF0BED /* SettingTableViewCell.swift in Sources */ = {isa = PBXBuildFile; fileRef = 0445CC222C145CA600CF0BED /* SettingTableViewCell.swift */; };
		0445CC252C14891E00CF0BED /* Color+Extension.swift in Sources */ = {isa = PBXBuildFile; fileRef = 0445CC242C14891E00CF0BED /* Color+Extension.swift */; };
/* End PBXBuildFile section */

/* Begin PBXFileReference section */
		0404CC5D2C12B32B00F9CF55 /* TamagotchiProject.app */ = {isa = PBXFileReference; explicitFileType = wrapper.application; includeInIndex = 0; path = TamagotchiProject.app; sourceTree = BUILT_PRODUCTS_DIR; };
		0404CC602C12B32B00F9CF55 /* AppDelegate.swift */ = {isa = PBXFileReference; lastKnownFileType = sourcecode.swift; path = AppDelegate.swift; sourceTree = "<group>"; };
		0404CC622C12B32B00F9CF55 /* SceneDelegate.swift */ = {isa = PBXFileReference; lastKnownFileType = sourcecode.swift; path = SceneDelegate.swift; sourceTree = "<group>"; };
		0404CC692C12B32C00F9CF55 /* Assets.xcassets */ = {isa = PBXFileReference; lastKnownFileType = folder.assetcatalog; path = Assets.xcassets; sourceTree = "<group>"; };
		0404CC6C2C12B32C00F9CF55 /* Base */ = {isa = PBXFileReference; lastKnownFileType = file.storyboard; name = Base; path = Base.lproj/LaunchScreen.storyboard; sourceTree = "<group>"; };
		0404CC6E2C12B32C00F9CF55 /* Info.plist */ = {isa = PBXFileReference; lastKnownFileType = text.plist.xml; path = Info.plist; sourceTree = "<group>"; };
		0404CC762C12B52400F9CF55 /* MainViewController.swift */ = {isa = PBXFileReference; lastKnownFileType = sourcecode.swift; path = MainViewController.swift; sourceTree = "<group>"; };
		0404CC782C12B53100F9CF55 /* SettingViewController.swift */ = {isa = PBXFileReference; lastKnownFileType = sourcecode.swift; path = SettingViewController.swift; sourceTree = "<group>"; };
		0404CC7A2C12B54200F9CF55 /* ChangeNicknameViewController.swift */ = {isa = PBXFileReference; lastKnownFileType = sourcecode.swift; path = ChangeNicknameViewController.swift; sourceTree = "<group>"; };
		0404CC7D2C12B57700F9CF55 /* .gitignore */ = {isa = PBXFileReference; lastKnownFileType = text; path = .gitignore; sourceTree = "<group>"; };
		0404CC8C2C12B77C00F9CF55 /* Enum.swift */ = {isa = PBXFileReference; lastKnownFileType = sourcecode.swift; path = Enum.swift; sourceTree = "<group>"; };
		0404CC8E2C12BC0200F9CF55 /* IdentifierProtocol.swift */ = {isa = PBXFileReference; lastKnownFileType = sourcecode.swift; path = IdentifierProtocol.swift; sourceTree = "<group>"; };
		0404CC942C12E3DB00F9CF55 /* SelectTGViewController.swift */ = {isa = PBXFileReference; lastKnownFileType = sourcecode.swift; path = SelectTGViewController.swift; sourceTree = "<group>"; };
		0445CC1C2C12E4FF00CF0BED /* SelectTGCollectionViewCell.swift */ = {isa = PBXFileReference; lastKnownFileType = sourcecode.swift; path = SelectTGCollectionViewCell.swift; sourceTree = "<group>"; };
		0445CC1E2C12E80F00CF0BED /* Tamagotchi.swift */ = {isa = PBXFileReference; lastKnownFileType = sourcecode.swift; path = Tamagotchi.swift; sourceTree = "<group>"; };
		0445CC202C12F7AD00CF0BED /* SelectTGDetailViewController.swift */ = {isa = PBXFileReference; lastKnownFileType = sourcecode.swift; path = SelectTGDetailViewController.swift; sourceTree = "<group>"; };
		0445CC222C145CA600CF0BED /* SettingTableViewCell.swift */ = {isa = PBXFileReference; lastKnownFileType = sourcecode.swift; path = SettingTableViewCell.swift; sourceTree = "<group>"; };
		0445CC242C14891E00CF0BED /* Color+Extension.swift */ = {isa = PBXFileReference; lastKnownFileType = sourcecode.swift; path = "Color+Extension.swift"; sourceTree = "<group>"; };
/* End PBXFileReference section */

/* Begin PBXFrameworksBuildPhase section */
		0404CC5A2C12B32B00F9CF55 /* Frameworks */ = {
			isa = PBXFrameworksBuildPhase;
			buildActionMask = 2147483647;
			files = (
				0404CC842C12B6B000F9CF55 /* Toast in Frameworks */,
				0404CC812C12B6A200F9CF55 /* SnapKit in Frameworks */,
			);
			runOnlyForDeploymentPostprocessing = 0;
		};
/* End PBXFrameworksBuildPhase section */

/* Begin PBXGroup section */
		0404CC542C12B32B00F9CF55 = {
			isa = PBXGroup;
			children = (
				0404CC7D2C12B57700F9CF55 /* .gitignore */,
				0404CC5F2C12B32B00F9CF55 /* TamagotchiProject */,
				0404CC5E2C12B32B00F9CF55 /* Products */,
			);
			sourceTree = "<group>";
		};
		0404CC5E2C12B32B00F9CF55 /* Products */ = {
			isa = PBXGroup;
			children = (
				0404CC5D2C12B32B00F9CF55 /* TamagotchiProject.app */,
			);
			name = Products;
			sourceTree = "<group>";
		};
		0404CC5F2C12B32B00F9CF55 /* TamagotchiProject */ = {
			isa = PBXGroup;
			children = (
				0404CC602C12B32B00F9CF55 /* AppDelegate.swift */,
				0404CC622C12B32B00F9CF55 /* SceneDelegate.swift */,
				0404CC872C12B6D900F9CF55 /* SelectTG */,
				0404CC892C12B6F400F9CF55 /* Main */,
				0404CC8A2C12B6FE00F9CF55 /* Setting */,
				0404CC8B2C12B70B00F9CF55 /* ChangeNickname */,
				0404CC692C12B32C00F9CF55 /* Assets.xcassets */,
				0404CC6B2C12B32C00F9CF55 /* LaunchScreen.storyboard */,
				0404CC6E2C12B32C00F9CF55 /* Info.plist */,
				0445CC1E2C12E80F00CF0BED /* Tamagotchi.swift */,
				0404CC8C2C12B77C00F9CF55 /* Enum.swift */,
				0404CC8E2C12BC0200F9CF55 /* IdentifierProtocol.swift */,
				0445CC242C14891E00CF0BED /* Color+Extension.swift */,
			);
			path = TamagotchiProject;
			sourceTree = "<group>";
		};
		0404CC872C12B6D900F9CF55 /* SelectTG */ = {
			isa = PBXGroup;
			children = (
				0404CC942C12E3DB00F9CF55 /* SelectTGViewController.swift */,
				0445CC1C2C12E4FF00CF0BED /* SelectTGCollectionViewCell.swift */,
				0445CC202C12F7AD00CF0BED /* SelectTGDetailViewController.swift */,
			);
			path = SelectTG;
			sourceTree = "<group>";
		};
		0404CC892C12B6F400F9CF55 /* Main */ = {
			isa = PBXGroup;
			children = (
				0404CC762C12B52400F9CF55 /* MainViewController.swift */,
			);
			path = Main;
			sourceTree = "<group>";
		};
		0404CC8A2C12B6FE00F9CF55 /* Setting */ = {
			isa = PBXGroup;
			children = (
				0404CC782C12B53100F9CF55 /* SettingViewController.swift */,
				0445CC222C145CA600CF0BED /* SettingTableViewCell.swift */,
			);
			path = Setting;
			sourceTree = "<group>";
		};
		0404CC8B2C12B70B00F9CF55 /* ChangeNickname */ = {
			isa = PBXGroup;
			children = (
				0404CC7A2C12B54200F9CF55 /* ChangeNicknameViewController.swift */,
			);
			path = ChangeNickname;
			sourceTree = "<group>";
		};
/* End PBXGroup section */

/* Begin PBXNativeTarget section */
		0404CC5C2C12B32B00F9CF55 /* TamagotchiProject */ = {
			isa = PBXNativeTarget;
			buildConfigurationList = 0404CC712C12B32C00F9CF55 /* Build configuration list for PBXNativeTarget "TamagotchiProject" */;
			buildPhases = (
				0404CC592C12B32B00F9CF55 /* Sources */,
				0404CC5A2C12B32B00F9CF55 /* Frameworks */,
				0404CC5B2C12B32B00F9CF55 /* Resources */,
			);
			buildRules = (
			);
			dependencies = (
			);
			name = TamagotchiProject;
			packageProductDependencies = (
				0404CC802C12B6A200F9CF55 /* SnapKit */,
				0404CC832C12B6B000F9CF55 /* Toast */,
			);
			productName = TamagotchiProject;
			productReference = 0404CC5D2C12B32B00F9CF55 /* TamagotchiProject.app */;
			productType = "com.apple.product-type.application";
		};
/* End PBXNativeTarget section */

/* Begin PBXProject section */
		0404CC552C12B32B00F9CF55 /* Project object */ = {
			isa = PBXProject;
			attributes = {
				BuildIndependentTargetsInParallel = 1;
				LastSwiftUpdateCheck = 1540;
				LastUpgradeCheck = 1540;
				TargetAttributes = {
					0404CC5C2C12B32B00F9CF55 = {
						CreatedOnToolsVersion = 15.4;
					};
				};
			};
			buildConfigurationList = 0404CC582C12B32B00F9CF55 /* Build configuration list for PBXProject "TamagotchiProject" */;
			compatibilityVersion = "Xcode 14.0";
			developmentRegion = en;
			hasScannedForEncodings = 0;
			knownRegions = (
				en,
				Base,
			);
			mainGroup = 0404CC542C12B32B00F9CF55;
			packageReferences = (
				0404CC7F2C12B6A200F9CF55 /* XCRemoteSwiftPackageReference "SnapKit" */,
				0404CC822C12B6B000F9CF55 /* XCRemoteSwiftPackageReference "Toast-Swift" */,
			);
			productRefGroup = 0404CC5E2C12B32B00F9CF55 /* Products */;
			projectDirPath = "";
			projectRoot = "";
			targets = (
				0404CC5C2C12B32B00F9CF55 /* TamagotchiProject */,
			);
		};
/* End PBXProject section */

/* Begin PBXResourcesBuildPhase section */
		0404CC5B2C12B32B00F9CF55 /* Resources */ = {
			isa = PBXResourcesBuildPhase;
			buildActionMask = 2147483647;
			files = (
				0404CC6A2C12B32C00F9CF55 /* Assets.xcassets in Resources */,
				0404CC7E2C12B57700F9CF55 /* .gitignore in Resources */,
				0404CC6D2C12B32C00F9CF55 /* Base in Resources */,
			);
			runOnlyForDeploymentPostprocessing = 0;
		};
/* End PBXResourcesBuildPhase section */

/* Begin PBXSourcesBuildPhase section */
		0404CC592C12B32B00F9CF55 /* Sources */ = {
			isa = PBXSourcesBuildPhase;
			buildActionMask = 2147483647;
			files = (
				0404CC7B2C12B54200F9CF55 /* ChangeNicknameViewController.swift in Sources */,
				0404CC612C12B32B00F9CF55 /* AppDelegate.swift in Sources */,
				0445CC1F2C12E80F00CF0BED /* Tamagotchi.swift in Sources */,
				0404CC8D2C12B77C00F9CF55 /* Enum.swift in Sources */,
				0445CC1D2C12E4FF00CF0BED /* SelectTGCollectionViewCell.swift in Sources */,
				0404CC952C12E3DB00F9CF55 /* SelectTGViewController.swift in Sources */,
				0445CC232C145CA600CF0BED /* SettingTableViewCell.swift in Sources */,
				0404CC632C12B32B00F9CF55 /* SceneDelegate.swift in Sources */,
				0445CC212C12F7AD00CF0BED /* SelectTGDetailViewController.swift in Sources */,
				0404CC772C12B52400F9CF55 /* MainViewController.swift in Sources */,
				0404CC8F2C12BC0200F9CF55 /* IdentifierProtocol.swift in Sources */,
				0404CC792C12B53100F9CF55 /* SettingViewController.swift in Sources */,
				0445CC252C14891E00CF0BED /* Color+Extension.swift in Sources */,
			);
			runOnlyForDeploymentPostprocessing = 0;
		};
/* End PBXSourcesBuildPhase section */

/* Begin PBXVariantGroup section */
		0404CC6B2C12B32C00F9CF55 /* LaunchScreen.storyboard */ = {
			isa = PBXVariantGroup;
			children = (
				0404CC6C2C12B32C00F9CF55 /* Base */,
			);
			name = LaunchScreen.storyboard;
			sourceTree = "<group>";
		};
/* End PBXVariantGroup section */

/* Begin XCBuildConfiguration section */
		0404CC6F2C12B32C00F9CF55 /* Debug */ = {
			isa = XCBuildConfiguration;
			buildSettings = {
				ALWAYS_SEARCH_USER_PATHS = NO;
				ASSETCATALOG_COMPILER_GENERATE_SWIFT_ASSET_SYMBOL_EXTENSIONS = YES;
				CLANG_ANALYZER_NONNULL = YES;
				CLANG_ANALYZER_NUMBER_OBJECT_CONVERSION = YES_AGGRESSIVE;
				CLANG_CXX_LANGUAGE_STANDARD = "gnu++20";
				CLANG_ENABLE_MODULES = YES;
				CLANG_ENABLE_OBJC_ARC = YES;
				CLANG_ENABLE_OBJC_WEAK = YES;
				CLANG_WARN_BLOCK_CAPTURE_AUTORELEASING = YES;
				CLANG_WARN_BOOL_CONVERSION = YES;
				CLANG_WARN_COMMA = YES;
				CLANG_WARN_CONSTANT_CONVERSION = YES;
				CLANG_WARN_DEPRECATED_OBJC_IMPLEMENTATIONS = YES;
				CLANG_WARN_DIRECT_OBJC_ISA_USAGE = YES_ERROR;
				CLANG_WARN_DOCUMENTATION_COMMENTS = YES;
				CLANG_WARN_EMPTY_BODY = YES;
				CLANG_WARN_ENUM_CONVERSION = YES;
				CLANG_WARN_INFINITE_RECURSION = YES;
				CLANG_WARN_INT_CONVERSION = YES;
				CLANG_WARN_NON_LITERAL_NULL_CONVERSION = YES;
				CLANG_WARN_OBJC_IMPLICIT_RETAIN_SELF = YES;
				CLANG_WARN_OBJC_LITERAL_CONVERSION = YES;
				CLANG_WARN_OBJC_ROOT_CLASS = YES_ERROR;
				CLANG_WARN_QUOTED_INCLUDE_IN_FRAMEWORK_HEADER = YES;
				CLANG_WARN_RANGE_LOOP_ANALYSIS = YES;
				CLANG_WARN_STRICT_PROTOTYPES = YES;
				CLANG_WARN_SUSPICIOUS_MOVE = YES;
				CLANG_WARN_UNGUARDED_AVAILABILITY = YES_AGGRESSIVE;
				CLANG_WARN_UNREACHABLE_CODE = YES;
				CLANG_WARN__DUPLICATE_METHOD_MATCH = YES;
				COPY_PHASE_STRIP = NO;
				DEBUG_INFORMATION_FORMAT = dwarf;
				ENABLE_STRICT_OBJC_MSGSEND = YES;
				ENABLE_TESTABILITY = YES;
				ENABLE_USER_SCRIPT_SANDBOXING = YES;
				GCC_C_LANGUAGE_STANDARD = gnu17;
				GCC_DYNAMIC_NO_PIC = NO;
				GCC_NO_COMMON_BLOCKS = YES;
				GCC_OPTIMIZATION_LEVEL = 0;
				GCC_PREPROCESSOR_DEFINITIONS = (
					"DEBUG=1",
					"$(inherited)",
				);
				GCC_WARN_64_TO_32_BIT_CONVERSION = YES;
				GCC_WARN_ABOUT_RETURN_TYPE = YES_ERROR;
				GCC_WARN_UNDECLARED_SELECTOR = YES;
				GCC_WARN_UNINITIALIZED_AUTOS = YES_AGGRESSIVE;
				GCC_WARN_UNUSED_FUNCTION = YES;
				GCC_WARN_UNUSED_VARIABLE = YES;
				IPHONEOS_DEPLOYMENT_TARGET = 17.5;
				LOCALIZATION_PREFERS_STRING_CATALOGS = YES;
				MTL_ENABLE_DEBUG_INFO = INCLUDE_SOURCE;
				MTL_FAST_MATH = YES;
				ONLY_ACTIVE_ARCH = YES;
				SDKROOT = iphoneos;
				SWIFT_ACTIVE_COMPILATION_CONDITIONS = "DEBUG $(inherited)";
				SWIFT_OPTIMIZATION_LEVEL = "-Onone";
			};
			name = Debug;
		};
		0404CC702C12B32C00F9CF55 /* Release */ = {
			isa = XCBuildConfiguration;
			buildSettings = {
				ALWAYS_SEARCH_USER_PATHS = NO;
				ASSETCATALOG_COMPILER_GENERATE_SWIFT_ASSET_SYMBOL_EXTENSIONS = YES;
				CLANG_ANALYZER_NONNULL = YES;
				CLANG_ANALYZER_NUMBER_OBJECT_CONVERSION = YES_AGGRESSIVE;
				CLANG_CXX_LANGUAGE_STANDARD = "gnu++20";
				CLANG_ENABLE_MODULES = YES;
				CLANG_ENABLE_OBJC_ARC = YES;
				CLANG_ENABLE_OBJC_WEAK = YES;
				CLANG_WARN_BLOCK_CAPTURE_AUTORELEASING = YES;
				CLANG_WARN_BOOL_CONVERSION = YES;
				CLANG_WARN_COMMA = YES;
				CLANG_WARN_CONSTANT_CONVERSION = YES;
				CLANG_WARN_DEPRECATED_OBJC_IMPLEMENTATIONS = YES;
				CLANG_WARN_DIRECT_OBJC_ISA_USAGE = YES_ERROR;
				CLANG_WARN_DOCUMENTATION_COMMENTS = YES;
				CLANG_WARN_EMPTY_BODY = YES;
				CLANG_WARN_ENUM_CONVERSION = YES;
				CLANG_WARN_INFINITE_RECURSION = YES;
				CLANG_WARN_INT_CONVERSION = YES;
				CLANG_WARN_NON_LITERAL_NULL_CONVERSION = YES;
				CLANG_WARN_OBJC_IMPLICIT_RETAIN_SELF = YES;
				CLANG_WARN_OBJC_LITERAL_CONVERSION = YES;
				CLANG_WARN_OBJC_ROOT_CLASS = YES_ERROR;
				CLANG_WARN_QUOTED_INCLUDE_IN_FRAMEWORK_HEADER = YES;
				CLANG_WARN_RANGE_LOOP_ANALYSIS = YES;
				CLANG_WARN_STRICT_PROTOTYPES = YES;
				CLANG_WARN_SUSPICIOUS_MOVE = YES;
				CLANG_WARN_UNGUARDED_AVAILABILITY = YES_AGGRESSIVE;
				CLANG_WARN_UNREACHABLE_CODE = YES;
				CLANG_WARN__DUPLICATE_METHOD_MATCH = YES;
				COPY_PHASE_STRIP = NO;
				DEBUG_INFORMATION_FORMAT = "dwarf-with-dsym";
				ENABLE_NS_ASSERTIONS = NO;
				ENABLE_STRICT_OBJC_MSGSEND = YES;
				ENABLE_USER_SCRIPT_SANDBOXING = YES;
				GCC_C_LANGUAGE_STANDARD = gnu17;
				GCC_NO_COMMON_BLOCKS = YES;
				GCC_WARN_64_TO_32_BIT_CONVERSION = YES;
				GCC_WARN_ABOUT_RETURN_TYPE = YES_ERROR;
				GCC_WARN_UNDECLARED_SELECTOR = YES;
				GCC_WARN_UNINITIALIZED_AUTOS = YES_AGGRESSIVE;
				GCC_WARN_UNUSED_FUNCTION = YES;
				GCC_WARN_UNUSED_VARIABLE = YES;
				IPHONEOS_DEPLOYMENT_TARGET = 17.5;
				LOCALIZATION_PREFERS_STRING_CATALOGS = YES;
				MTL_ENABLE_DEBUG_INFO = NO;
				MTL_FAST_MATH = YES;
				SDKROOT = iphoneos;
				SWIFT_COMPILATION_MODE = wholemodule;
				VALIDATE_PRODUCT = YES;
			};
			name = Release;
		};
		0404CC722C12B32C00F9CF55 /* Debug */ = {
			isa = XCBuildConfiguration;
			buildSettings = {
				ASSETCATALOG_COMPILER_APPICON_NAME = AppIcon;
				ASSETCATALOG_COMPILER_GLOBAL_ACCENT_COLOR_NAME = AccentColor;
				CODE_SIGN_STYLE = Automatic;
				CURRENT_PROJECT_VERSION = 1;
				GENERATE_INFOPLIST_FILE = YES;
				INFOPLIST_FILE = TamagotchiProject/Info.plist;
				INFOPLIST_KEY_UIApplicationSupportsIndirectInputEvents = YES;
				INFOPLIST_KEY_UILaunchStoryboardName = LaunchScreen;
				INFOPLIST_KEY_UISupportedInterfaceOrientations = UIInterfaceOrientationPortrait;
				INFOPLIST_KEY_UISupportedInterfaceOrientations_iPad = "UIInterfaceOrientationLandscapeLeft UIInterfaceOrientationLandscapeRight UIInterfaceOrientationPortrait UIInterfaceOrientationPortraitUpsideDown";
				IPHONEOS_DEPLOYMENT_TARGET = 15.0;
				LD_RUNPATH_SEARCH_PATHS = (
					"$(inherited)",
					"@executable_path/Frameworks",
				);
				MARKETING_VERSION = 1.0;
				PRODUCT_BUNDLE_IDENTIFIER = com.TamagotchiProject;
				PRODUCT_NAME = "$(TARGET_NAME)";
				SUPPORTED_PLATFORMS = "iphoneos iphonesimulator";
				SUPPORTS_MACCATALYST = NO;
				SUPPORTS_MAC_DESIGNED_FOR_IPHONE_IPAD = NO;
				SUPPORTS_XR_DESIGNED_FOR_IPHONE_IPAD = NO;
				SWIFT_EMIT_LOC_STRINGS = YES;
				SWIFT_VERSION = 5.0;
				TARGETED_DEVICE_FAMILY = 1;
			};
			name = Debug;
		};
		0404CC732C12B32C00F9CF55 /* Release */ = {
			isa = XCBuildConfiguration;
			buildSettings = {
				ASSETCATALOG_COMPILER_APPICON_NAME = AppIcon;
				ASSETCATALOG_COMPILER_GLOBAL_ACCENT_COLOR_NAME = AccentColor;
				CODE_SIGN_STYLE = Automatic;
				CURRENT_PROJECT_VERSION = 1;
				GENERATE_INFOPLIST_FILE = YES;
				INFOPLIST_FILE = TamagotchiProject/Info.plist;
				INFOPLIST_KEY_UIApplicationSupportsIndirectInputEvents = YES;
				INFOPLIST_KEY_UILaunchStoryboardName = LaunchScreen;
				INFOPLIST_KEY_UISupportedInterfaceOrientations = UIInterfaceOrientationPortrait;
				INFOPLIST_KEY_UISupportedInterfaceOrientations_iPad = "UIInterfaceOrientationLandscapeLeft UIInterfaceOrientationLandscapeRight UIInterfaceOrientationPortrait UIInterfaceOrientationPortraitUpsideDown";
				IPHONEOS_DEPLOYMENT_TARGET = 15.0;
				LD_RUNPATH_SEARCH_PATHS = (
					"$(inherited)",
					"@executable_path/Frameworks",
				);
				MARKETING_VERSION = 1.0;
				PRODUCT_BUNDLE_IDENTIFIER = com.TamagotchiProject;
				PRODUCT_NAME = "$(TARGET_NAME)";
				SUPPORTED_PLATFORMS = "iphoneos iphonesimulator";
				SUPPORTS_MACCATALYST = NO;
				SUPPORTS_MAC_DESIGNED_FOR_IPHONE_IPAD = NO;
				SUPPORTS_XR_DESIGNED_FOR_IPHONE_IPAD = NO;
				SWIFT_EMIT_LOC_STRINGS = YES;
				SWIFT_VERSION = 5.0;
				TARGETED_DEVICE_FAMILY = 1;
			};
			name = Release;
		};
/* End XCBuildConfiguration section */

/* Begin XCConfigurationList section */
		0404CC582C12B32B00F9CF55 /* Build configuration list for PBXProject "TamagotchiProject" */ = {
			isa = XCConfigurationList;
			buildConfigurations = (
				0404CC6F2C12B32C00F9CF55 /* Debug */,
				0404CC702C12B32C00F9CF55 /* Release */,
			);
			defaultConfigurationIsVisible = 0;
			defaultConfigurationName = Release;
		};
		0404CC712C12B32C00F9CF55 /* Build configuration list for PBXNativeTarget "TamagotchiProject" */ = {
			isa = XCConfigurationList;
			buildConfigurations = (
				0404CC722C12B32C00F9CF55 /* Debug */,
				0404CC732C12B32C00F9CF55 /* Release */,
			);
			defaultConfigurationIsVisible = 0;
			defaultConfigurationName = Release;
		};
/* End XCConfigurationList section */

/* Begin XCRemoteSwiftPackageReference section */
		0404CC7F2C12B6A200F9CF55 /* XCRemoteSwiftPackageReference "SnapKit" */ = {
			isa = XCRemoteSwiftPackageReference;
			repositoryURL = "https://github.com/SnapKit/SnapKit.git";
			requirement = {
				kind = upToNextMajorVersion;
				minimumVersion = 5.7.1;
			};
		};
		0404CC822C12B6B000F9CF55 /* XCRemoteSwiftPackageReference "Toast-Swift" */ = {
			isa = XCRemoteSwiftPackageReference;
			repositoryURL = "https://github.com/scalessec/Toast-Swift.git";
			requirement = {
				kind = upToNextMajorVersion;
				minimumVersion = 5.1.1;
			};
		};
/* End XCRemoteSwiftPackageReference section */

/* Begin XCSwiftPackageProductDependency section */
		0404CC802C12B6A200F9CF55 /* SnapKit */ = {
			isa = XCSwiftPackageProductDependency;
			package = 0404CC7F2C12B6A200F9CF55 /* XCRemoteSwiftPackageReference "SnapKit" */;
			productName = SnapKit;
		};
		0404CC832C12B6B000F9CF55 /* Toast */ = {
			isa = XCSwiftPackageProductDependency;
			package = 0404CC822C12B6B000F9CF55 /* XCRemoteSwiftPackageReference "Toast-Swift" */;
			productName = Toast;
		};
/* End XCSwiftPackageProductDependency section */
	};
	rootObject = 0404CC552C12B32B00F9CF55 /* Project object */;
}
